
Microsoft Visual Studio Solution File, Format Version 12.00
# Visual Studio Version 16
VisualStudioVersion = 16.0.31624.102
MinimumVisualStudioVersion = 10.0.40219.1
Project("{FAE04EC0-301F-11D3-BF4B-00C04F79EFBC}") = "BethanysPieShop", "BethanysPieShop\BethanysPieShop.csproj", "{F7964FB7-229B-4061-9B8E-AC6CFE8EA1B1}"
EndProject
Global
	GlobalSection(SolutionConfigurationPlatforms) = preSolution
		Debug|Any CPU = Debug|Any CPU
		Release|Any CPU = Release|Any CPU
	EndGlobalSection
	GlobalSection(ProjectConfigurationPlatforms) = postSolution
		{F7964FB7-229B-4061-9B8E-AC6CFE8EA1B1}.Debug|Any CPU.ActiveCfg = Debug|Any CPU
		{F7964FB7-229B-4061-9B8E-AC6CFE8EA1B1}.Debug|Any CPU.Build.0 = Debug|Any CPU
		{F7964FB7-229B-4061-9B8E-AC6CFE8EA1B1}.Release|Any CPU.ActiveCfg = Release|Any CPU
		{F7964FB7-229B-4061-9B8E-AC6CFE8EA1B1}.Release|Any CPU.Build.0 = Release|Any CPU
	EndGlobalSection
	GlobalSection(SolutionProperties) = preSolution
		HideSolutionNode = FALSE
	EndGlobalSection
	GlobalSection(ExtensibilityGlobals) = postSolution
		SolutionGuid = {CCD65685-CB4E-4D51-8584-1F28DA3C2FC5}
	EndGlobalSection
EndGlobal
